
Microsoft Visual Studio Solution File, Format Version 12.00
# Visual Studio Version 16
VisualStudioVersion = 16.0.30907.101
MinimumVisualStudioVersion = 10.0.40219.1
Project("{8BC9CEB8-8B4A-11D0-8D11-00A0C91BC942}") = "leetcode_missing_number", "leetcode_missing_number.vcxproj", "{CB3DA1B0-ADAE-44D5-9739-71A1DF853665}"
EndProject
Project("{8BC9CEB8-8B4A-11D0-8D11-00A0C91BC942}") = "leetcode_subset", "..\leetcode_subset\leetcode_subset.vcxproj", "{15E010AA-336F-4C82-B7B5-20103BF0243B}"
EndProject
Global
	GlobalSection(SolutionConfigurationPlatforms) = preSolution
		Debug|x64 = Debug|x64
		Debug|x86 = Debug|x86
		Release|x64 = Release|x64
		Release|x86 = Release|x86
	EndGlobalSection
	GlobalSection(ProjectConfigurationPlatforms) = postSolution
		{CB3DA1B0-ADAE-44D5-9739-71A1DF853665}.Debug|x64.ActiveCfg = Debug|x64
		{CB3DA1B0-ADAE-44D5-9739-71A1DF853665}.Debug|x64.Build.0 = Debug|x64
		{CB3DA1B0-ADAE-44D5-9739-71A1DF853665}.Debug|x86.ActiveCfg = Debug|Win32
		{CB3DA1B0-ADAE-44D5-9739-71A1DF853665}.Debug|x86.Build.0 = Debug|Win32
		{CB3DA1B0-ADAE-44D5-9739-71A1DF853665}.Release|x64.ActiveCfg = Release|x64
		{CB3DA1B0-ADAE-44D5-9739-71A1DF853665}.Release|x64.Build.0 = Release|x64
		{CB3DA1B0-ADAE-44D5-9739-71A1DF853665}.Release|x86.ActiveCfg = Release|Win32
		{CB3DA1B0-ADAE-44D5-9739-71A1DF853665}.Release|x86.Build.0 = Release|Win32
		{15E010AA-336F-4C82-B7B5-20103BF0243B}.Debug|x64.ActiveCfg = Debug|x64
		{15E010AA-336F-4C82-B7B5-20103BF0243B}.Debug|x64.Build.0 = Debug|x64
		{15E010AA-336F-4C82-B7B5-20103BF0243B}.Debug|x86.ActiveCfg = Debug|Win32
		{15E010AA-336F-4C82-B7B5-20103BF0243B}.Debug|x86.Build.0 = Debug|Win32
		{15E010AA-336F-4C82-B7B5-20103BF0243B}.Release|x64.ActiveCfg = Release|x64
		{15E010AA-336F-4C82-B7B5-20103BF0243B}.Release|x64.Build.0 = Release|x64
		{15E010AA-336F-4C82-B7B5-20103BF0243B}.Release|x86.ActiveCfg = Release|Win32
		{15E010AA-336F-4C82-B7B5-20103BF0243B}.Release|x86.Build.0 = Release|Win32
	EndGlobalSection
	GlobalSection(SolutionProperties) = preSolution
		HideSolutionNode = FALSE
	EndGlobalSection
	GlobalSection(ExtensibilityGlobals) = postSolution
		SolutionGuid = {D115F32C-A962-474E-B8AC-5EB7BC99D3B2}
	EndGlobalSection
EndGlobal
