
Microsoft Visual Studio Solution File, Format Version 12.00
# Visual Studio Version 16
VisualStudioVersion = 16.0.30907.101
MinimumVisualStudioVersion = 10.0.40219.1
Project("{8BC9CEB8-8B4A-11D0-8D11-00A0C91BC942}") = "leetcode_template", "leetcode_template.vcxproj", "{B3D9C544-B2F2-43C1-9AF6-1573FF6E0027}"
EndProject
Global
	GlobalSection(SolutionConfigurationPlatforms) = preSolution
		Debug|x64 = Debug|x64
		Debug|x86 = Debug|x86
		Release|x64 = Release|x64
		Release|x86 = Release|x86
	EndGlobalSection
	GlobalSection(ProjectConfigurationPlatforms) = postSolution
		{B3D9C544-B2F2-43C1-9AF6-1573FF6E0027}.Debug|x64.ActiveCfg = Debug|x64
		{B3D9C544-B2F2-43C1-9AF6-1573FF6E0027}.Debug|x64.Build.0 = Debug|x64
		{B3D9C544-B2F2-43C1-9AF6-1573FF6E0027}.Debug|x86.ActiveCfg = Debug|Win32
		{B3D9C544-B2F2-43C1-9AF6-1573FF6E0027}.Debug|x86.Build.0 = Debug|Win32
		{B3D9C544-B2F2-43C1-9AF6-1573FF6E0027}.Release|x64.ActiveCfg = Release|x64
		{B3D9C544-B2F2-43C1-9AF6-1573FF6E0027}.Release|x64.Build.0 = Release|x64
		{B3D9C544-B2F2-43C1-9AF6-1573FF6E0027}.Release|x86.ActiveCfg = Release|Win32
		{B3D9C544-B2F2-43C1-9AF6-1573FF6E0027}.Release|x86.Build.0 = Release|Win32
	EndGlobalSection
	GlobalSection(SolutionProperties) = preSolution
		HideSolutionNode = FALSE
	EndGlobalSection
	GlobalSection(ExtensibilityGlobals) = postSolution
		SolutionGuid = {1EF97938-6C4A-49B6-8C0E-E53F8484563D}
	EndGlobalSection
EndGlobal
